// !$*UTF8*$!
{
	archiveVersion = 1;
	classes = {
	};
	objectVersion = 56;
	objects = {

/* Begin PBXBuildFile section */
		E9D5CF672E1CF56700D92217 /* main.cpp in Sources */ = {isa = PBXBuildFile; fileRef = E9D5CF662E1CF56700D92217 /* main.cpp */; };
		E9D5CF6F2E1CF8BF00D92217 /* DateTime.cpp in Sources */ = {isa = PBXBuildFile; fileRef = E9D5CF6E2E1CF8BF00D92217 /* DateTime.cpp */; };
		E9D5CF712E1D06DC00D92217 /* DateTime.h in Headers */ = {isa = PBXBuildFile; fileRef = E9D5CF6D2E1CF5B300D92217 /* DateTime.h */; settings = {ATTRIBUTES = (Public, ); }; };
		E9D5CF742E1D0A3E00D92217 /* libgtest.a in Frameworks */ = {isa = PBXBuildFile; fileRef = E9D5CF732E1D0A3E00D92217 /* libgtest.a */; };
		E9D5CF762E1D0A4E00D92217 /* libgtest_main.a in Frameworks */ = {isa = PBXBuildFile; fileRef = E9D5CF752E1D0A4E00D92217 /* libgtest_main.a */; };
		E9D5CF792E1D0B1100D92217 /* Tests.cpp in Sources */ = {isa = PBXBuildFile; fileRef = E9D5CF782E1D0B1100D92217 /* Tests.cpp */; };
/* End PBXBuildFile section */

/* Begin PBXCopyFilesBuildPhase section */
		E9D5CF612E1CF56600D92217 /* CopyFiles */ = {
			isa = PBXCopyFilesBuildPhase;
			buildActionMask = 2147483647;
			dstPath = /usr/share/man/man1/;
			dstSubfolderSpec = 0;
			files = (
			);
			runOnlyForDeploymentPostprocessing = 1;
		};
/* End PBXCopyFilesBuildPhase section */

/* Begin PBXFileReference section */
		E9D5CF632E1CF56700D92217 /* DateTime */ = {isa = PBXFileReference; explicitFileType = "compiled.mach-o.executable"; includeInIndex = 0; path = DateTime; sourceTree = BUILT_PRODUCTS_DIR; };
		E9D5CF662E1CF56700D92217 /* main.cpp */ = {isa = PBXFileReference; lastKnownFileType = sourcecode.cpp.cpp; path = main.cpp; sourceTree = "<group>"; };
		E9D5CF6D2E1CF5B300D92217 /* DateTime.h */ = {isa = PBXFileReference; lastKnownFileType = sourcecode.c.h; path = DateTime.h; sourceTree = "<group>"; };
		E9D5CF6E2E1CF8BF00D92217 /* DateTime.cpp */ = {isa = PBXFileReference; lastKnownFileType = sourcecode.cpp.cpp; path = DateTime.cpp; sourceTree = "<group>"; };
		E9D5CF732E1D0A3E00D92217 /* libgtest.a */ = {isa = PBXFileReference; lastKnownFileType = archive.ar; name = libgtest.a; path = ../../../../usr/local/lib/libgtest.a; sourceTree = "<group>"; };
		E9D5CF752E1D0A4E00D92217 /* libgtest_main.a */ = {isa = PBXFileReference; lastKnownFileType = archive.ar; name = libgtest_main.a; path = ../../../../usr/local/lib/libgtest_main.a; sourceTree = "<group>"; };
		E9D5CF782E1D0B1100D92217 /* Tests.cpp */ = {isa = PBXFileReference; lastKnownFileType = sourcecode.cpp.cpp; path = Tests.cpp; sourceTree = "<group>"; };
/* End PBXFileReference section */

/* Begin PBXFrameworksBuildPhase section */
		E9D5CF602E1CF56600D92217 /* Frameworks */ = {
			isa = PBXFrameworksBuildPhase;
			buildActionMask = 2147483647;
			files = (
				E9D5CF762E1D0A4E00D92217 /* libgtest_main.a in Frameworks */,
				E9D5CF742E1D0A3E00D92217 /* libgtest.a in Frameworks */,
			);
			runOnlyForDeploymentPostprocessing = 0;
		};
/* End PBXFrameworksBuildPhase section */

/* Begin PBXGroup section */
		E9D5CF5A2E1CF56600D92217 = {
			isa = PBXGroup;
			children = (
				E9D5CF652E1CF56700D92217 /* DateTime */,
				E9D5CF642E1CF56700D92217 /* Products */,
				E9D5CF722E1D0A3B00D92217 /* Frameworks */,
			);
			sourceTree = "<group>";
		};
		E9D5CF642E1CF56700D92217 /* Products */ = {
			isa = PBXGroup;
			children = (
				E9D5CF632E1CF56700D92217 /* DateTime */,
			);
			name = Products;
			sourceTree = "<group>";
		};
		E9D5CF652E1CF56700D92217 /* DateTime */ = {
			isa = PBXGroup;
			children = (
				E9D5CF772E1D0AEB00D92217 /* DateTimeTests */,
				E9D5CF662E1CF56700D92217 /* main.cpp */,
				E9D5CF6D2E1CF5B300D92217 /* DateTime.h */,
				E9D5CF6E2E1CF8BF00D92217 /* DateTime.cpp */,
			);
			path = DateTime;
			sourceTree = "<group>";
		};
		E9D5CF722E1D0A3B00D92217 /* Frameworks */ = {
			isa = PBXGroup;
			children = (
				E9D5CF752E1D0A4E00D92217 /* libgtest_main.a */,
				E9D5CF732E1D0A3E00D92217 /* libgtest.a */,
			);
			name = Frameworks;
			sourceTree = "<group>";
		};
		E9D5CF772E1D0AEB00D92217 /* DateTimeTests */ = {
			isa = PBXGroup;
			children = (
				E9D5CF782E1D0B1100D92217 /* Tests.cpp */,
			);
			path = DateTimeTests;
			sourceTree = "<group>";
		};
/* End PBXGroup section */

/* Begin PBXHeadersBuildPhase section */
		E9D5CF702E1D06AC00D92217 /* Headers */ = {
			isa = PBXHeadersBuildPhase;
			buildActionMask = 2147483647;
			files = (
				E9D5CF712E1D06DC00D92217 /* DateTime.h in Headers */,
			);
			runOnlyForDeploymentPostprocessing = 0;
		};
/* End PBXHeadersBuildPhase section */

/* Begin PBXNativeTarget section */
		E9D5CF622E1CF56600D92217 /* DateTime */ = {
			isa = PBXNativeTarget;
			buildConfigurationList = E9D5CF6A2E1CF56700D92217 /* Build configuration list for PBXNativeTarget "DateTime" */;
			buildPhases = (
				E9D5CF702E1D06AC00D92217 /* Headers */,
				E9D5CF5F2E1CF56600D92217 /* Sources */,
				E9D5CF602E1CF56600D92217 /* Frameworks */,
				E9D5CF612E1CF56600D92217 /* CopyFiles */,
			);
			buildRules = (
			);
			dependencies = (
			);
			name = DateTime;
			productName = DateTime;
			productReference = E9D5CF632E1CF56700D92217 /* DateTime */;
			productType = "com.apple.product-type.tool";
		};
/* End PBXNativeTarget section */

/* Begin PBXProject section */
		E9D5CF5B2E1CF56600D92217 /* Project object */ = {
			isa = PBXProject;
			attributes = {
				BuildIndependentTargetsInParallel = 1;
				LastUpgradeCheck = 1420;
				TargetAttributes = {
					E9D5CF622E1CF56600D92217 = {
						CreatedOnToolsVersion = 14.2;
					};
				};
			};
			buildConfigurationList = E9D5CF5E2E1CF56600D92217 /* Build configuration list for PBXProject "DateTime" */;
			compatibilityVersion = "Xcode 14.0";
			developmentRegion = en;
			hasScannedForEncodings = 0;
			knownRegions = (
				en,
				Base,
			);
			mainGroup = E9D5CF5A2E1CF56600D92217;
			productRefGroup = E9D5CF642E1CF56700D92217 /* Products */;
			projectDirPath = "";
			projectRoot = "";
			targets = (
				E9D5CF622E1CF56600D92217 /* DateTime */,
			);
		};
/* End PBXProject section */

/* Begin PBXSourcesBuildPhase section */
		E9D5CF5F2E1CF56600D92217 /* Sources */ = {
			isa = PBXSourcesBuildPhase;
			buildActionMask = 2147483647;
			files = (
				E9D5CF792E1D0B1100D92217 /* Tests.cpp in Sources */,
				E9D5CF6F2E1CF8BF00D92217 /* DateTime.cpp in Sources */,
				E9D5CF672E1CF56700D92217 /* main.cpp in Sources */,
			);
			runOnlyForDeploymentPostprocessing = 0;
		};
/* End PBXSourcesBuildPhase section */

/* Begin XCBuildConfiguration section */
		E9D5CF682E1CF56700D92217 /* Debug */ = {
			isa = XCBuildConfiguration;
			buildSettings = {
				ALWAYS_SEARCH_USER_PATHS = NO;
				CLANG_ANALYZER_NONNULL = YES;
				CLANG_ANALYZER_NUMBER_OBJECT_CONVERSION = YES_AGGRESSIVE;
				CLANG_CXX_LANGUAGE_STANDARD = "gnu++20";
				CLANG_ENABLE_MODULES = YES;
				CLANG_ENABLE_OBJC_ARC = YES;
				CLANG_ENABLE_OBJC_WEAK = YES;
				CLANG_WARN_BLOCK_CAPTURE_AUTORELEASING = YES;
				CLANG_WARN_BOOL_CONVERSION = YES;
				CLANG_WARN_COMMA = YES;
				CLANG_WARN_CONSTANT_CONVERSION = YES;
				CLANG_WARN_DEPRECATED_OBJC_IMPLEMENTATIONS = YES;
				CLANG_WARN_DIRECT_OBJC_ISA_USAGE = YES_ERROR;
				CLANG_WARN_DOCUMENTATION_COMMENTS = YES;
				CLANG_WARN_EMPTY_BODY = YES;
				CLANG_WARN_ENUM_CONVERSION = YES;
				CLANG_WARN_INFINITE_RECURSION = YES;
				CLANG_WARN_INT_CONVERSION = YES;
				CLANG_WARN_NON_LITERAL_NULL_CONVERSION = YES;
				CLANG_WARN_OBJC_IMPLICIT_RETAIN_SELF = YES;
				CLANG_WARN_OBJC_LITERAL_CONVERSION = YES;
				CLANG_WARN_OBJC_ROOT_CLASS = YES_ERROR;
				CLANG_WARN_QUOTED_INCLUDE_IN_FRAMEWORK_HEADER = YES;
				CLANG_WARN_RANGE_LOOP_ANALYSIS = YES;
				CLANG_WARN_STRICT_PROTOTYPES = YES;
				CLANG_WARN_SUSPICIOUS_MOVE = YES;
				CLANG_WARN_UNGUARDED_AVAILABILITY = YES_AGGRESSIVE;
				CLANG_WARN_UNREACHABLE_CODE = YES;
				CLANG_WARN__DUPLICATE_METHOD_MATCH = YES;
				COPY_PHASE_STRIP = NO;
				DEBUG_INFORMATION_FORMAT = dwarf;
				ENABLE_STRICT_OBJC_MSGSEND = YES;
				ENABLE_TESTABILITY = YES;
				GCC_C_LANGUAGE_STANDARD = gnu11;
				GCC_DYNAMIC_NO_PIC = NO;
				GCC_NO_COMMON_BLOCKS = YES;
				GCC_OPTIMIZATION_LEVEL = 0;
				GCC_PREPROCESSOR_DEFINITIONS = (
					"DEBUG=1",
					"$(inherited)",
				);
				GCC_WARN_64_TO_32_BIT_CONVERSION = YES;
				GCC_WARN_ABOUT_RETURN_TYPE = YES_ERROR;
				GCC_WARN_UNDECLARED_SELECTOR = YES;
				GCC_WARN_UNINITIALIZED_AUTOS = YES_AGGRESSIVE;
				GCC_WARN_UNUSED_FUNCTION = YES;
				GCC_WARN_UNUSED_VARIABLE = YES;
				MACOSX_DEPLOYMENT_TARGET = 12.7;
				MTL_ENABLE_DEBUG_INFO = INCLUDE_SOURCE;
				MTL_FAST_MATH = YES;
				ONLY_ACTIVE_ARCH = YES;
				SDKROOT = macosx;
			};
			name = Debug;
		};
		E9D5CF692E1CF56700D92217 /* Release */ = {
			isa = XCBuildConfiguration;
			buildSettings = {
				ALWAYS_SEARCH_USER_PATHS = NO;
				CLANG_ANALYZER_NONNULL = YES;
				CLANG_ANALYZER_NUMBER_OBJECT_CONVERSION = YES_AGGRESSIVE;
				CLANG_CXX_LANGUAGE_STANDARD = "gnu++20";
				CLANG_ENABLE_MODULES = YES;
				CLANG_ENABLE_OBJC_ARC = YES;
				CLANG_ENABLE_OBJC_WEAK = YES;
				CLANG_WARN_BLOCK_CAPTURE_AUTORELEASING = YES;
				CLANG_WARN_BOOL_CONVERSION = YES;
				CLANG_WARN_COMMA = YES;
				CLANG_WARN_CONSTANT_CONVERSION = YES;
				CLANG_WARN_DEPRECATED_OBJC_IMPLEMENTATIONS = YES;
				CLANG_WARN_DIRECT_OBJC_ISA_USAGE = YES_ERROR;
				CLANG_WARN_DOCUMENTATION_COMMENTS = YES;
				CLANG_WARN_EMPTY_BODY = YES;
				CLANG_WARN_ENUM_CONVERSION = YES;
				CLANG_WARN_INFINITE_RECURSION = YES;
				CLANG_WARN_INT_CONVERSION = YES;
				CLANG_WARN_NON_LITERAL_NULL_CONVERSION = YES;
				CLANG_WARN_OBJC_IMPLICIT_RETAIN_SELF = YES;
				CLANG_WARN_OBJC_LITERAL_CONVERSION = YES;
				CLANG_WARN_OBJC_ROOT_CLASS = YES_ERROR;
				CLANG_WARN_QUOTED_INCLUDE_IN_FRAMEWORK_HEADER = YES;
				CLANG_WARN_RANGE_LOOP_ANALYSIS = YES;
				CLANG_WARN_STRICT_PROTOTYPES = YES;
				CLANG_WARN_SUSPICIOUS_MOVE = YES;
				CLANG_WARN_UNGUARDED_AVAILABILITY = YES_AGGRESSIVE;
				CLANG_WARN_UNREACHABLE_CODE = YES;
				CLANG_WARN__DUPLICATE_METHOD_MATCH = YES;
				COPY_PHASE_STRIP = NO;
				DEBUG_INFORMATION_FORMAT = "dwarf-with-dsym";
				ENABLE_NS_ASSERTIONS = NO;
				ENABLE_STRICT_OBJC_MSGSEND = YES;
				GCC_C_LANGUAGE_STANDARD = gnu11;
				GCC_NO_COMMON_BLOCKS = YES;
				GCC_WARN_64_TO_32_BIT_CONVERSION = YES;
				GCC_WARN_ABOUT_RETURN_TYPE = YES_ERROR;
				GCC_WARN_UNDECLARED_SELECTOR = YES;
				GCC_WARN_UNINITIALIZED_AUTOS = YES_AGGRESSIVE;
				GCC_WARN_UNUSED_FUNCTION = YES;
				GCC_WARN_UNUSED_VARIABLE = YES;
				MACOSX_DEPLOYMENT_TARGET = 12.7;
				MTL_ENABLE_DEBUG_INFO = NO;
				MTL_FAST_MATH = YES;
				SDKROOT = macosx;
			};
			name = Release;
		};
		E9D5CF6B2E1CF56700D92217 /* Debug */ = {
			isa = XCBuildConfiguration;
			buildSettings = {
				CODE_SIGN_STYLE = Automatic;
				HEADER_SEARCH_PATHS = /usr/local/include;
				LIBRARY_SEARCH_PATHS = /usr/local/lib;
				PRODUCT_NAME = "$(TARGET_NAME)";
			};
			name = Debug;
		};
		E9D5CF6C2E1CF56700D92217 /* Release */ = {
			isa = XCBuildConfiguration;
			buildSettings = {
				CODE_SIGN_STYLE = Automatic;
				HEADER_SEARCH_PATHS = /usr/local/include;
				LIBRARY_SEARCH_PATHS = /usr/local/lib;
				PRODUCT_NAME = "$(TARGET_NAME)";
			};
			name = Release;
		};
/* End XCBuildConfiguration section */

/* Begin XCConfigurationList section */
		E9D5CF5E2E1CF56600D92217 /* Build configuration list for PBXProject "DateTime" */ = {
			isa = XCConfigurationList;
			buildConfigurations = (
				E9D5CF682E1CF56700D92217 /* Debug */,
				E9D5CF692E1CF56700D92217 /* Release */,
			);
			defaultConfigurationIsVisible = 0;
			defaultConfigurationName = Release;
		};
		E9D5CF6A2E1CF56700D92217 /* Build configuration list for PBXNativeTarget "DateTime" */ = {
			isa = XCConfigurationList;
			buildConfigurations = (
				E9D5CF6B2E1CF56700D92217 /* Debug */,
				E9D5CF6C2E1CF56700D92217 /* Release */,
			);
			defaultConfigurationIsVisible = 0;
			defaultConfigurationName = Release;
		};
/* End XCConfigurationList section */
	};
	rootObject = E9D5CF5B2E1CF56600D92217 /* Project object */;
}
